// !$*UTF8*$!
{
	archiveVersion = 1;
	classes = {
	};
	objectVersion = 46;
	objects = {

/* Begin PBXBuildFile section */
		0054811E1B4EBE8F004159AE /* main.m in Sources */ = {isa = PBXBuildFile; fileRef = 0054811D1B4EBE8F004159AE /* main.m */; };
		005481211B4EBE8F004159AE /* AppDelegate.m in Sources */ = {isa = PBXBuildFile; fileRef = 005481201B4EBE8F004159AE /* AppDelegate.m */; };
		005481241B4EBE8F004159AE /* EditConsumptionController.m in Sources */ = {isa = PBXBuildFile; fileRef = 005481231B4EBE8F004159AE /* EditConsumptionController.m */; };
		005481291B4EBE8F004159AE /* Images.xcassets in Resources */ = {isa = PBXBuildFile; fileRef = 005481281B4EBE8F004159AE /* Images.xcassets */; };
		0054812C1B4EBE8F004159AE /* LaunchScreen.xib in Resources */ = {isa = PBXBuildFile; fileRef = 0054812A1B4EBE8F004159AE /* LaunchScreen.xib */; };
		005481381B4EBE8F004159AE /* IosMiserTests.m in Sources */ = {isa = PBXBuildFile; fileRef = 005481371B4EBE8F004159AE /* IosMiserTests.m */; };
		0073A7CC1B500D8E008CD842 /* RETableViewBoolCell.m in Sources */ = {isa = PBXBuildFile; fileRef = 0073A7991B500D8E008CD842 /* RETableViewBoolCell.m */; };
		0073A7CD1B500D8E008CD842 /* RETableViewCreditCardCell.m in Sources */ = {isa = PBXBuildFile; fileRef = 0073A79B1B500D8E008CD842 /* RETableViewCreditCardCell.m */; };
		0073A7CE1B500D8E008CD842 /* RETableViewDateTimeCell.m in Sources */ = {isa = PBXBuildFile; fileRef = 0073A79D1B500D8E008CD842 /* RETableViewDateTimeCell.m */; };
		0073A7CF1B500D8E008CD842 /* RETableViewFloatCell.m in Sources */ = {isa = PBXBuildFile; fileRef = 0073A79F1B500D8E008CD842 /* RETableViewFloatCell.m */; };
		0073A7D01B500D8E008CD842 /* RETableViewLongTextCell.m in Sources */ = {isa = PBXBuildFile; fileRef = 0073A7A11B500D8E008CD842 /* RETableViewLongTextCell.m */; };
		0073A7D11B500D8E008CD842 /* RETableViewNumberCell.m in Sources */ = {isa = PBXBuildFile; fileRef = 0073A7A31B500D8E008CD842 /* RETableViewNumberCell.m */; };
		0073A7D21B500D8E008CD842 /* RETableViewOptionCell.m in Sources */ = {isa = PBXBuildFile; fileRef = 0073A7A51B500D8E008CD842 /* RETableViewOptionCell.m */; };
		0073A7D31B500D8E008CD842 /* RETableViewTextCell.m in Sources */ = {isa = PBXBuildFile; fileRef = 0073A7A71B500D8E008CD842 /* RETableViewTextCell.m */; };
		0073A7D41B500D8E008CD842 /* REBoolItem.m in Sources */ = {isa = PBXBuildFile; fileRef = 0073A7AA1B500D8E008CD842 /* REBoolItem.m */; };
		0073A7D51B500D8E008CD842 /* RECreditCardItem.m in Sources */ = {isa = PBXBuildFile; fileRef = 0073A7AC1B500D8E008CD842 /* RECreditCardItem.m */; };
		0073A7D61B500D8E008CD842 /* REDateTimeItem.m in Sources */ = {isa = PBXBuildFile; fileRef = 0073A7AE1B500D8E008CD842 /* REDateTimeItem.m */; };
		0073A7D71B500D8E008CD842 /* REFloatItem.m in Sources */ = {isa = PBXBuildFile; fileRef = 0073A7B01B500D8E008CD842 /* REFloatItem.m */; };
		0073A7D81B500D8E008CD842 /* RELongTextItem.m in Sources */ = {isa = PBXBuildFile; fileRef = 0073A7B21B500D8E008CD842 /* RELongTextItem.m */; };
		0073A7D91B500D8E008CD842 /* REMultipleChoiceItem.m in Sources */ = {isa = PBXBuildFile; fileRef = 0073A7B41B500D8E008CD842 /* REMultipleChoiceItem.m */; };
		0073A7DA1B500D8E008CD842 /* RENumberItem.m in Sources */ = {isa = PBXBuildFile; fileRef = 0073A7B61B500D8E008CD842 /* RENumberItem.m */; };
		0073A7DB1B500D8E008CD842 /* RERadioItem.m in Sources */ = {isa = PBXBuildFile; fileRef = 0073A7B81B500D8E008CD842 /* RERadioItem.m */; };
		0073A7DC1B500D8E008CD842 /* RETextItem.m in Sources */ = {isa = PBXBuildFile; fileRef = 0073A7BA1B500D8E008CD842 /* RETextItem.m */; };
		0073A7DD1B500D8E008CD842 /* REActionBar.m in Sources */ = {isa = PBXBuildFile; fileRef = 0073A7BC1B500D8E008CD842 /* REActionBar.m */; };
		0073A7DE1B500D8E008CD842 /* REPlaceholderTextView.m in Sources */ = {isa = PBXBuildFile; fileRef = 0073A7BE1B500D8E008CD842 /* REPlaceholderTextView.m */; };
		0073A7DF1B500D8E008CD842 /* RETableViewCell.m in Sources */ = {isa = PBXBuildFile; fileRef = 0073A7C01B500D8E008CD842 /* RETableViewCell.m */; };
		0073A7E01B500D8E008CD842 /* RETableViewCellStyle.m in Sources */ = {isa = PBXBuildFile; fileRef = 0073A7C21B500D8E008CD842 /* RETableViewCellStyle.m */; };
		0073A7E11B500D8E008CD842 /* RETableViewItem.m in Sources */ = {isa = PBXBuildFile; fileRef = 0073A7C41B500D8E008CD842 /* RETableViewItem.m */; };
		0073A7E21B500D8E008CD842 /* RETableViewManager.bundle in Resources */ = {isa = PBXBuildFile; fileRef = 0073A7C51B500D8E008CD842 /* RETableViewManager.bundle */; };
		0073A7E31B500D8E008CD842 /* RETableViewManager.m in Sources */ = {isa = PBXBuildFile; fileRef = 0073A7C71B500D8E008CD842 /* RETableViewManager.m */; };
		0073A7E41B500D8E008CD842 /* RETableViewOptionsController.m in Sources */ = {isa = PBXBuildFile; fileRef = 0073A7C91B500D8E008CD842 /* RETableViewOptionsController.m */; };
		0073A7E51B500D8E008CD842 /* RETableViewSection.m in Sources */ = {isa = PBXBuildFile; fileRef = 0073A7CB1B500D8E008CD842 /* RETableViewSection.m */; };
		0073A7F81B50122D008CD842 /* REFormattedNumberField.m in Sources */ = {isa = PBXBuildFile; fileRef = 0073A7E91B50122D008CD842 /* REFormattedNumberField.m */; };
		0073A7F91B50122D008CD842 /* NSError+REValidation.m in Sources */ = {isa = PBXBuildFile; fileRef = 0073A7EC1B50122D008CD842 /* NSError+REValidation.m */; };
		0073A7FA1B50122D008CD842 /* REValidation.m in Sources */ = {isa = PBXBuildFile; fileRef = 0073A7EE1B50122D008CD842 /* REValidation.m */; };
		0073A7FB1B50122D008CD842 /* REValidator.m in Sources */ = {isa = PBXBuildFile; fileRef = 0073A7F01B50122D008CD842 /* REValidator.m */; };
		0073A7FC1B50122D008CD842 /* REEmailValidator.m in Sources */ = {isa = PBXBuildFile; fileRef = 0073A7F31B50122D008CD842 /* REEmailValidator.m */; };
		0073A7FD1B50122D008CD842 /* RELengthValidator.m in Sources */ = {isa = PBXBuildFile; fileRef = 0073A7F51B50122D008CD842 /* RELengthValidator.m */; };
		0073A7FE1B50122D008CD842 /* REPresenceValidator.m in Sources */ = {isa = PBXBuildFile; fileRef = 0073A7F71B50122D008CD842 /* REPresenceValidator.m */; };
		007DAC1D1B746D58002B676A /* InfoPlist.strings in Resources */ = {isa = PBXBuildFile; fileRef = 007DAC1F1B746D58002B676A /* InfoPlist.strings */; };
		007E7AE01B5F30C0006708DD /* UIView+YALConstraints.m in Sources */ = {isa = PBXBuildFile; fileRef = 007E7ADC1B5F30C0006708DD /* UIView+YALConstraints.m */; };
		007E7AE11B5F30C0006708DD /* YALContextMenuTableView.m in Sources */ = {isa = PBXBuildFile; fileRef = 007E7ADF1B5F30C0006708DD /* YALContextMenuTableView.m */; };
		007E7AE41B5F3105006708DD /* YALNavigationBar.m in Sources */ = {isa = PBXBuildFile; fileRef = 007E7AE31B5F3105006708DD /* YALNavigationBar.m */; };
		007E7AE81B5F3A96006708DD /* ContextMenuCell.m in Sources */ = {isa = PBXBuildFile; fileRef = 007E7AE61B5F3A96006708DD /* ContextMenuCell.m */; };
		007E7AE91B5F3A96006708DD /* ContextMenuCell.xib in Resources */ = {isa = PBXBuildFile; fileRef = 007E7AE71B5F3A96006708DD /* ContextMenuCell.xib */; };
		007E7AEC1B5F5C70006708DD /* ContextMenuController.m in Sources */ = {isa = PBXBuildFile; fileRef = 007E7AEB1B5F5C70006708DD /* ContextMenuController.m */; };
		00BE52591B54033200D6690E /* ConsumptionCell.xib in Resources */ = {isa = PBXBuildFile; fileRef = 00BE52581B54033200D6690E /* ConsumptionCell.xib */; };
		00BE525C1B540F8F00D6690E /* MainController.m in Sources */ = {isa = PBXBuildFile; fileRef = 00BE525B1B540F8F00D6690E /* MainController.m */; };
		00BE52601B54E9F200D6690E /* ConsumptionCell.m in Sources */ = {isa = PBXBuildFile; fileRef = 00BE525F1B54E9F200D6690E /* ConsumptionCell.m */; };
		00BE52631B54EA3300D6690E /* ConsumptionModel.m in Sources */ = {isa = PBXBuildFile; fileRef = 00BE52621B54EA3300D6690E /* ConsumptionModel.m */; };
		00C92ACF1B5DD51D003FF202 /* UtilData.m in Sources */ = {isa = PBXBuildFile; fileRef = 00C92ACE1B5DD51D003FF202 /* UtilData.m */; };
		00CEDE661B566F7E00DB4DC7 /* BaseDB.m in Sources */ = {isa = PBXBuildFile; fileRef = 00CEDE651B566F7E00DB4DC7 /* BaseDB.m */; };
		00CEDE681B567AB900DB4DC7 /* libsqlite3.0.dylib in Frameworks */ = {isa = PBXBuildFile; fileRef = 00CEDE671B567AB900DB4DC7 /* libsqlite3.0.dylib */; };
		00DD3BF21B59302F00E0060E /* TConsumption.m in Sources */ = {isa = PBXBuildFile; fileRef = 00DD3BF11B59302F00E0060E /* TConsumption.m */; };
/* End PBXBuildFile section */

/* Begin PBXContainerItemProxy section */
		005481321B4EBE8F004159AE /* PBXContainerItemProxy */ = {
			isa = PBXContainerItemProxy;
			containerPortal = 005481101B4EBE8F004159AE /* Project object */;
			proxyType = 1;
			remoteGlobalIDString = 005481171B4EBE8F004159AE;
			remoteInfo = IosMiser;
		};
/* End PBXContainerItemProxy section */

/* Begin PBXFileReference section */
		005481181B4EBE8F004159AE /* IosMiser.app */ = {isa = PBXFileReference; explicitFileType = wrapper.application; includeInIndex = 0; path = IosMiser.app; sourceTree = BUILT_PRODUCTS_DIR; };
		0054811C1B4EBE8F004159AE /* Info.plist */ = {isa = PBXFileReference; lastKnownFileType = text.plist.xml; path = Info.plist; sourceTree = "<group>"; };
		0054811D1B4EBE8F004159AE /* main.m */ = {isa = PBXFileReference; lastKnownFileType = sourcecode.c.objc; path = main.m; sourceTree = "<group>"; };
		0054811F1B4EBE8F004159AE /* AppDelegate.h */ = {isa = PBXFileReference; lastKnownFileType = sourcecode.c.h; path = AppDelegate.h; sourceTree = "<group>"; };
		005481201B4EBE8F004159AE /* AppDelegate.m */ = {isa = PBXFileReference; lastKnownFileType = sourcecode.c.objc; path = AppDelegate.m; sourceTree = "<group>"; };
		005481221B4EBE8F004159AE /* EditConsumptionController.h */ = {isa = PBXFileReference; lastKnownFileType = sourcecode.c.h; path = EditConsumptionController.h; sourceTree = "<group>"; };
		005481231B4EBE8F004159AE /* EditConsumptionController.m */ = {isa = PBXFileReference; lastKnownFileType = sourcecode.c.objc; path = EditConsumptionController.m; sourceTree = "<group>"; };
		005481281B4EBE8F004159AE /* Images.xcassets */ = {isa = PBXFileReference; lastKnownFileType = folder.assetcatalog; path = Images.xcassets; sourceTree = "<group>"; };
		0054812B1B4EBE8F004159AE /* Base */ = {isa = PBXFileReference; lastKnownFileType = file.xib; name = Base; path = Base.lproj/LaunchScreen.xib; sourceTree = "<group>"; };
		005481311B4EBE8F004159AE /* IosMiserTests.xctest */ = {isa = PBXFileReference; explicitFileType = wrapper.cfbundle; includeInIndex = 0; path = IosMiserTests.xctest; sourceTree = BUILT_PRODUCTS_DIR; };
		005481361B4EBE8F004159AE /* Info.plist */ = {isa = PBXFileReference; lastKnownFileType = text.plist.xml; path = Info.plist; sourceTree = "<group>"; };
		005481371B4EBE8F004159AE /* IosMiserTests.m */ = {isa = PBXFileReference; lastKnownFileType = sourcecode.c.objc; path = IosMiserTests.m; sourceTree = "<group>"; };
		0073A7981B500D8E008CD842 /* RETableViewBoolCell.h */ = {isa = PBXFileReference; fileEncoding = 4; lastKnownFileType = sourcecode.c.h; path = RETableViewBoolCell.h; sourceTree = "<group>"; };
		0073A7991B500D8E008CD842 /* RETableViewBoolCell.m */ = {isa = PBXFileReference; fileEncoding = 4; lastKnownFileType = sourcecode.c.objc; path = RETableViewBoolCell.m; sourceTree = "<group>"; };
		0073A79A1B500D8E008CD842 /* RETableViewCreditCardCell.h */ = {isa = PBXFileReference; fileEncoding = 4; lastKnownFileType = sourcecode.c.h; path = RETableViewCreditCardCell.h; sourceTree = "<group>"; };
		0073A79B1B500D8E008CD842 /* RETableViewCreditCardCell.m */ = {isa = PBXFileReference; fileEncoding = 4; lastKnownFileType = sourcecode.c.objc; path = RETableViewCreditCardCell.m; sourceTree = "<group>"; };
		0073A79C1B500D8E008CD842 /* RETableViewDateTimeCell.h */ = {isa = PBXFileReference; fileEncoding = 4; lastKnownFileType = sourcecode.c.h; path = RETableViewDateTimeCell.h; sourceTree = "<group>"; };
		0073A79D1B500D8E008CD842 /* RETableViewDateTimeCell.m */ = {isa = PBXFileReference; fileEncoding = 4; lastKnownFileType = sourcecode.c.objc; path = RETableViewDateTimeCell.m; sourceTree = "<group>"; };
		0073A79E1B500D8E008CD842 /* RETableViewFloatCell.h */ = {isa = PBXFileReference; fileEncoding = 4; lastKnownFileType = sourcecode.c.h; path = RETableViewFloatCell.h; sourceTree = "<group>"; };
		0073A79F1B500D8E008CD842 /* RETableViewFloatCell.m */ = {isa = PBXFileReference; fileEncoding = 4; lastKnownFileType = sourcecode.c.objc; path = RETableViewFloatCell.m; sourceTree = "<group>"; };
		0073A7A01B500D8E008CD842 /* RETableViewLongTextCell.h */ = {isa = PBXFileReference; fileEncoding = 4; lastKnownFileType = sourcecode.c.h; path = RETableViewLongTextCell.h; sourceTree = "<group>"; };
		0073A7A11B500D8E008CD842 /* RETableViewLongTextCell.m */ = {isa = PBXFileReference; fileEncoding = 4; lastKnownFileType = sourcecode.c.objc; path = RETableViewLongTextCell.m; sourceTree = "<group>"; };
		0073A7A21B500D8E008CD842 /* RETableViewNumberCell.h */ = {isa = PBXFileReference; fileEncoding = 4; lastKnownFileType = sourcecode.c.h; path = RETableViewNumberCell.h; sourceTree = "<group>"; };
		0073A7A31B500D8E008CD842 /* RETableViewNumberCell.m */ = {isa = PBXFileReference; fileEncoding = 4; lastKnownFileType = sourcecode.c.objc; path = RETableViewNumberCell.m; sourceTree = "<group>"; };
		0073A7A41B500D8E008CD842 /* RETableViewOptionCell.h */ = {isa = PBXFileReference; fileEncoding = 4; lastKnownFileType = sourcecode.c.h; path = RETableViewOptionCell.h; sourceTree = "<group>"; };
		0073A7A51B500D8E008CD842 /* RETableViewOptionCell.m */ = {isa = PBXFileReference; fileEncoding = 4; lastKnownFileType = sourcecode.c.objc; path = RETableViewOptionCell.m; sourceTree = "<group>"; };
		0073A7A61B500D8E008CD842 /* RETableViewTextCell.h */ = {isa = PBXFileReference; fileEncoding = 4; lastKnownFileType = sourcecode.c.h; path = RETableViewTextCell.h; sourceTree = "<group>"; };
		0073A7A71B500D8E008CD842 /* RETableViewTextCell.m */ = {isa = PBXFileReference; fileEncoding = 4; lastKnownFileType = sourcecode.c.objc; path = RETableViewTextCell.m; sourceTree = "<group>"; };
		0073A7A91B500D8E008CD842 /* REBoolItem.h */ = {isa = PBXFileReference; fileEncoding = 4; lastKnownFileType = sourcecode.c.h; path = REBoolItem.h; sourceTree = "<group>"; };
		0073A7AA1B500D8E008CD842 /* REBoolItem.m */ = {isa = PBXFileReference; fileEncoding = 4; lastKnownFileType = sourcecode.c.objc; path = REBoolItem.m; sourceTree = "<group>"; };
		0073A7AB1B500D8E008CD842 /* RECreditCardItem.h */ = {isa = PBXFileReference; fileEncoding = 4; lastKnownFileType = sourcecode.c.h; path = RECreditCardItem.h; sourceTree = "<group>"; };
		0073A7AC1B500D8E008CD842 /* RECreditCardItem.m */ = {isa = PBXFileReference; fileEncoding = 4; lastKnownFileType = sourcecode.c.objc; path = RECreditCardItem.m; sourceTree = "<group>"; };
		0073A7AD1B500D8E008CD842 /* REDateTimeItem.h */ = {isa = PBXFileReference; fileEncoding = 4; lastKnownFileType = sourcecode.c.h; path = REDateTimeItem.h; sourceTree = "<group>"; };
		0073A7AE1B500D8E008CD842 /* REDateTimeItem.m */ = {isa = PBXFileReference; fileEncoding = 4; lastKnownFileType = sourcecode.c.objc; path = REDateTimeItem.m; sourceTree = "<group>"; };
		0073A7AF1B500D8E008CD842 /* REFloatItem.h */ = {isa = PBXFileReference; fileEncoding = 4; lastKnownFileType = sourcecode.c.h; path = REFloatItem.h; sourceTree = "<group>"; };
		0073A7B01B500D8E008CD842 /* REFloatItem.m */ = {isa = PBXFileReference; fileEncoding = 4; lastKnownFileType = sourcecode.c.objc; path = REFloatItem.m; sourceTree = "<group>"; };
		0073A7B11B500D8E008CD842 /* RELongTextItem.h */ = {isa = PBXFileReference; fileEncoding = 4; lastKnownFileType = sourcecode.c.h; path = RELongTextItem.h; sourceTree = "<group>"; };
		0073A7B21B500D8E008CD842 /* RELongTextItem.m */ = {isa = PBXFileReference; fileEncoding = 4; lastKnownFileType = sourcecode.c.objc; path = RELongTextItem.m; sourceTree = "<group>"; };
		0073A7B31B500D8E008CD842 /* REMultipleChoiceItem.h */ = {isa = PBXFileReference; fileEncoding = 4; lastKnownFileType = sourcecode.c.h; path = REMultipleChoiceItem.h; sourceTree = "<group>"; };
		0073A7B41B500D8E008CD842 /* REMultipleChoiceItem.m */ = {isa = PBXFileReference; fileEncoding = 4; lastKnownFileType = sourcecode.c.objc; path = REMultipleChoiceItem.m; sourceTree = "<group>"; };
		0073A7B51B500D8E008CD842 /* RENumberItem.h */ = {isa = PBXFileReference; fileEncoding = 4; lastKnownFileType = sourcecode.c.h; path = RENumberItem.h; sourceTree = "<group>"; };
		0073A7B61B500D8E008CD842 /* RENumberItem.m */ = {isa = PBXFileReference; fileEncoding = 4; lastKnownFileType = sourcecode.c.objc; path = RENumberItem.m; sourceTree = "<group>"; };
		0073A7B71B500D8E008CD842 /* RERadioItem.h */ = {isa = PBXFileReference; fileEncoding = 4; lastKnownFileType = sourcecode.c.h; path = RERadioItem.h; sourceTree = "<group>"; };
		0073A7B81B500D8E008CD842 /* RERadioItem.m */ = {isa = PBXFileReference; fileEncoding = 4; lastKnownFileType = sourcecode.c.objc; path = RERadioItem.m; sourceTree = "<group>"; };
		0073A7B91B500D8E008CD842 /* RETextItem.h */ = {isa = PBXFileReference; fileEncoding = 4; lastKnownFileType = sourcecode.c.h; path = RETextItem.h; sourceTree = "<group>"; };
		0073A7BA1B500D8E008CD842 /* RETextItem.m */ = {isa = PBXFileReference; fileEncoding = 4; lastKnownFileType = sourcecode.c.objc; path = RETextItem.m; sourceTree = "<group>"; };
		0073A7BB1B500D8E008CD842 /* REActionBar.h */ = {isa = PBXFileReference; fileEncoding = 4; lastKnownFileType = sourcecode.c.h; path = REActionBar.h; sourceTree = "<group>"; };
		0073A7BC1B500D8E008CD842 /* REActionBar.m */ = {isa = PBXFileReference; fileEncoding = 4; lastKnownFileType = sourcecode.c.objc; path = REActionBar.m; sourceTree = "<group>"; };
		0073A7BD1B500D8E008CD842 /* REPlaceholderTextView.h */ = {isa = PBXFileReference; fileEncoding = 4; lastKnownFileType = sourcecode.c.h; path = REPlaceholderTextView.h; sourceTree = "<group>"; };
		0073A7BE1B500D8E008CD842 /* REPlaceholderTextView.m */ = {isa = PBXFileReference; fileEncoding = 4; lastKnownFileType = sourcecode.c.objc; path = REPlaceholderTextView.m; sourceTree = "<group>"; };
		0073A7BF1B500D8E008CD842 /* RETableViewCell.h */ = {isa = PBXFileReference; fileEncoding = 4; lastKnownFileType = sourcecode.c.h; path = RETableViewCell.h; sourceTree = "<group>"; };
		0073A7C01B500D8E008CD842 /* RETableViewCell.m */ = {isa = PBXFileReference; fileEncoding = 4; lastKnownFileType = sourcecode.c.objc; path = RETableViewCell.m; sourceTree = "<group>"; };
		0073A7C11B500D8E008CD842 /* RETableViewCellStyle.h */ = {isa = PBXFileReference; fileEncoding = 4; lastKnownFileType = sourcecode.c.h; path = RETableViewCellStyle.h; sourceTree = "<group>"; };
		0073A7C21B500D8E008CD842 /* RETableViewCellStyle.m */ = {isa = PBXFileReference; fileEncoding = 4; lastKnownFileType = sourcecode.c.objc; path = RETableViewCellStyle.m; sourceTree = "<group>"; };
		0073A7C31B500D8E008CD842 /* RETableViewItem.h */ = {isa = PBXFileReference; fileEncoding = 4; lastKnownFileType = sourcecode.c.h; path = RETableViewItem.h; sourceTree = "<group>"; };
		0073A7C41B500D8E008CD842 /* RETableViewItem.m */ = {isa = PBXFileReference; fileEncoding = 4; lastKnownFileType = sourcecode.c.objc; path = RETableViewItem.m; sourceTree = "<group>"; };
		0073A7C51B500D8E008CD842 /* RETableViewManager.bundle */ = {isa = PBXFileReference; lastKnownFileType = "wrapper.plug-in"; path = RETableViewManager.bundle; sourceTree = "<group>"; };
		0073A7C61B500D8E008CD842 /* RETableViewManager.h */ = {isa = PBXFileReference; fileEncoding = 4; lastKnownFileType = sourcecode.c.h; path = RETableViewManager.h; sourceTree = "<group>"; };
		0073A7C71B500D8E008CD842 /* RETableViewManager.m */ = {isa = PBXFileReference; fileEncoding = 4; lastKnownFileType = sourcecode.c.objc; path = RETableViewManager.m; sourceTree = "<group>"; };
		0073A7C81B500D8E008CD842 /* RETableViewOptionsController.h */ = {isa = PBXFileReference; fileEncoding = 4; lastKnownFileType = sourcecode.c.h; path = RETableViewOptionsController.h; sourceTree = "<group>"; };
		0073A7C91B500D8E008CD842 /* RETableViewOptionsController.m */ = {isa = PBXFileReference; fileEncoding = 4; lastKnownFileType = sourcecode.c.objc; path = RETableViewOptionsController.m; sourceTree = "<group>"; };
		0073A7CA1B500D8E008CD842 /* RETableViewSection.h */ = {isa = PBXFileReference; fileEncoding = 4; lastKnownFileType = sourcecode.c.h; path = RETableViewSection.h; sourceTree = "<group>"; };
		0073A7CB1B500D8E008CD842 /* RETableViewSection.m */ = {isa = PBXFileReference; fileEncoding = 4; lastKnownFileType = sourcecode.c.objc; path = RETableViewSection.m; sourceTree = "<group>"; };
		0073A7E81B50122D008CD842 /* REFormattedNumberField.h */ = {isa = PBXFileReference; fileEncoding = 4; lastKnownFileType = sourcecode.c.h; path = REFormattedNumberField.h; sourceTree = "<group>"; };
		0073A7E91B50122D008CD842 /* REFormattedNumberField.m */ = {isa = PBXFileReference; fileEncoding = 4; lastKnownFileType = sourcecode.c.objc; path = REFormattedNumberField.m; sourceTree = "<group>"; };
		0073A7EB1B50122D008CD842 /* NSError+REValidation.h */ = {isa = PBXFileReference; fileEncoding = 4; lastKnownFileType = sourcecode.c.h; path = "NSError+REValidation.h"; sourceTree = "<group>"; };
		0073A7EC1B50122D008CD842 /* NSError+REValidation.m */ = {isa = PBXFileReference; fileEncoding = 4; lastKnownFileType = sourcecode.c.objc; path = "NSError+REValidation.m"; sourceTree = "<group>"; };
		0073A7ED1B50122D008CD842 /* REValidation.h */ = {isa = PBXFileReference; fileEncoding = 4; lastKnownFileType = sourcecode.c.h; path = REValidation.h; sourceTree = "<group>"; };
		0073A7EE1B50122D008CD842 /* REValidation.m */ = {isa = PBXFileReference; fileEncoding = 4; lastKnownFileType = sourcecode.c.objc; path = REValidation.m; sourceTree = "<group>"; };
		0073A7EF1B50122D008CD842 /* REValidator.h */ = {isa = PBXFileReference; fileEncoding = 4; lastKnownFileType = sourcecode.c.h; path = REValidator.h; sourceTree = "<group>"; };
		0073A7F01B50122D008CD842 /* REValidator.m */ = {isa = PBXFileReference; fileEncoding = 4; lastKnownFileType = sourcecode.c.objc; path = REValidator.m; sourceTree = "<group>"; };
		0073A7F21B50122D008CD842 /* REEmailValidator.h */ = {isa = PBXFileReference; fileEncoding = 4; lastKnownFileType = sourcecode.c.h; path = REEmailValidator.h; sourceTree = "<group>"; };
		0073A7F31B50122D008CD842 /* REEmailValidator.m */ = {isa = PBXFileReference; fileEncoding = 4; lastKnownFileType = sourcecode.c.objc; path = REEmailValidator.m; sourceTree = "<group>"; };
		0073A7F41B50122D008CD842 /* RELengthValidator.h */ = {isa = PBXFileReference; fileEncoding = 4; lastKnownFileType = sourcecode.c.h; path = RELengthValidator.h; sourceTree = "<group>"; };
		0073A7F51B50122D008CD842 /* RELengthValidator.m */ = {isa = PBXFileReference; fileEncoding = 4; lastKnownFileType = sourcecode.c.objc; path = RELengthValidator.m; sourceTree = "<group>"; };
		0073A7F61B50122D008CD842 /* REPresenceValidator.h */ = {isa = PBXFileReference; fileEncoding = 4; lastKnownFileType = sourcecode.c.h; path = REPresenceValidator.h; sourceTree = "<group>"; };
		0073A7F71B50122D008CD842 /* REPresenceValidator.m */ = {isa = PBXFileReference; fileEncoding = 4; lastKnownFileType = sourcecode.c.objc; path = REPresenceValidator.m; sourceTree = "<group>"; };
		007DAC1A1B746D09002B676A /* zh-Hans */ = {isa = PBXFileReference; lastKnownFileType = text.plist.strings; name = "zh-Hans"; path = "zh-Hans.lproj/LaunchScreen.strings"; sourceTree = "<group>"; };
		007DAC1E1B746D58002B676A /* zh-Hans */ = {isa = PBXFileReference; lastKnownFileType = text.plist.strings; name = "zh-Hans"; path = "zh-Hans.lproj/InfoPlist.strings"; sourceTree = "<group>"; };
		007DAC201B746D5C002B676A /* en */ = {isa = PBXFileReference; lastKnownFileType = text.plist.strings; name = en; path = en.lproj/InfoPlist.strings; sourceTree = "<group>"; };
		007E7ADB1B5F30C0006708DD /* UIView+YALConstraints.h */ = {isa = PBXFileReference; fileEncoding = 4; lastKnownFileType = sourcecode.c.h; path = "UIView+YALConstraints.h"; sourceTree = "<group>"; };
		007E7ADC1B5F30C0006708DD /* UIView+YALConstraints.m */ = {isa = PBXFileReference; fileEncoding = 4; lastKnownFileType = sourcecode.c.objc; path = "UIView+YALConstraints.m"; sourceTree = "<group>"; };
		007E7ADD1B5F30C0006708DD /* YALContextMenuCell.h */ = {isa = PBXFileReference; fileEncoding = 4; lastKnownFileType = sourcecode.c.h; path = YALContextMenuCell.h; sourceTree = "<group>"; };
		007E7ADE1B5F30C0006708DD /* YALContextMenuTableView.h */ = {isa = PBXFileReference; fileEncoding = 4; lastKnownFileType = sourcecode.c.h; path = YALContextMenuTableView.h; sourceTree = "<group>"; };
		007E7ADF1B5F30C0006708DD /* YALContextMenuTableView.m */ = {isa = PBXFileReference; fileEncoding = 4; lastKnownFileType = sourcecode.c.objc; path = YALContextMenuTableView.m; sourceTree = "<group>"; };
		007E7AE21B5F3105006708DD /* YALNavigationBar.h */ = {isa = PBXFileReference; fileEncoding = 4; lastKnownFileType = sourcecode.c.h; path = YALNavigationBar.h; sourceTree = "<group>"; };
		007E7AE31B5F3105006708DD /* YALNavigationBar.m */ = {isa = PBXFileReference; fileEncoding = 4; lastKnownFileType = sourcecode.c.objc; path = YALNavigationBar.m; sourceTree = "<group>"; };
		007E7AE51B5F3A96006708DD /* ContextMenuCell.h */ = {isa = PBXFileReference; fileEncoding = 4; lastKnownFileType = sourcecode.c.h; name = ContextMenuCell.h; path = ContextMenuCell/ContextMenuCell.h; sourceTree = "<group>"; };
		007E7AE61B5F3A96006708DD /* ContextMenuCell.m */ = {isa = PBXFileReference; fileEncoding = 4; lastKnownFileType = sourcecode.c.objc; name = ContextMenuCell.m; path = ContextMenuCell/ContextMenuCell.m; sourceTree = "<group>"; };
		007E7AE71B5F3A96006708DD /* ContextMenuCell.xib */ = {isa = PBXFileReference; fileEncoding = 4; lastKnownFileType = file.xib; name = ContextMenuCell.xib; path = ContextMenuCell/ContextMenuCell.xib; sourceTree = "<group>"; };
		007E7AEA1B5F5C64006708DD /* ContextMenuController.h */ = {isa = PBXFileReference; lastKnownFileType = sourcecode.c.h; path = ContextMenuController.h; sourceTree = "<group>"; };
		007E7AEB1B5F5C70006708DD /* ContextMenuController.m */ = {isa = PBXFileReference; fileEncoding = 4; lastKnownFileType = sourcecode.c.objc; path = ContextMenuController.m; sourceTree = "<group>"; };
		00BE52581B54033200D6690E /* ConsumptionCell.xib */ = {isa = PBXFileReference; fileEncoding = 4; lastKnownFileType = file.xib; path = ConsumptionCell.xib; sourceTree = "<group>"; };
		00BE525B1B540F8F00D6690E /* MainController.m */ = {isa = PBXFileReference; fileEncoding = 4; lastKnownFileType = sourcecode.c.objc; path = MainController.m; sourceTree = "<group>"; };
		00BE525D1B540FB500D6690E /* MainController.h */ = {isa = PBXFileReference; lastKnownFileType = sourcecode.c.h; path = MainController.h; sourceTree = "<group>"; };
		00BE525E1B54E9E400D6690E /* ConsumptionCell.h */ = {isa = PBXFileReference; lastKnownFileType = sourcecode.c.h; path = ConsumptionCell.h; sourceTree = "<group>"; };
		00BE525F1B54E9F200D6690E /* ConsumptionCell.m */ = {isa = PBXFileReference; fileEncoding = 4; lastKnownFileType = sourcecode.c.objc; path = ConsumptionCell.m; sourceTree = "<group>"; };
		00BE52611B54EA2000D6690E /* ConsumptionModel.h */ = {isa = PBXFileReference; lastKnownFileType = sourcecode.c.h; path = ConsumptionModel.h; sourceTree = "<group>"; };
		00BE52621B54EA3300D6690E /* ConsumptionModel.m */ = {isa = PBXFileReference; fileEncoding = 4; lastKnownFileType = sourcecode.c.objc; path = ConsumptionModel.m; sourceTree = "<group>"; };
		00C92ACD1B5DD504003FF202 /* UtilDate.h */ = {isa = PBXFileReference; lastKnownFileType = sourcecode.c.h; path = UtilDate.h; sourceTree = "<group>"; };
		00C92ACE1B5DD51D003FF202 /* UtilData.m */ = {isa = PBXFileReference; fileEncoding = 4; lastKnownFileType = sourcecode.c.objc; path = UtilData.m; sourceTree = "<group>"; };
		00CEDE641B566F6E00DB4DC7 /* BaseDB.h */ = {isa = PBXFileReference; lastKnownFileType = sourcecode.c.h; path = BaseDB.h; sourceTree = "<group>"; };
		00CEDE651B566F7E00DB4DC7 /* BaseDB.m */ = {isa = PBXFileReference; fileEncoding = 4; lastKnownFileType = sourcecode.c.objc; path = BaseDB.m; sourceTree = "<group>"; };
		00CEDE671B567AB900DB4DC7 /* libsqlite3.0.dylib */ = {isa = PBXFileReference; lastKnownFileType = "compiled.mach-o.dylib"; name = libsqlite3.0.dylib; path = usr/lib/libsqlite3.0.dylib; sourceTree = SDKROOT; };
		00DD3BF01B59301800E0060E /* TConsumption.h */ = {isa = PBXFileReference; lastKnownFileType = sourcecode.c.h; path = TConsumption.h; sourceTree = "<group>"; };
		00DD3BF11B59302F00E0060E /* TConsumption.m */ = {isa = PBXFileReference; fileEncoding = 4; lastKnownFileType = sourcecode.c.objc; path = TConsumption.m; sourceTree = "<group>"; };
/* End PBXFileReference section */

/* Begin PBXFrameworksBuildPhase section */
		005481151B4EBE8F004159AE /* Frameworks */ = {
			isa = PBXFrameworksBuildPhase;
			buildActionMask = 2147483647;
			files = (
				00CEDE681B567AB900DB4DC7 /* libsqlite3.0.dylib in Frameworks */,
			);
			runOnlyForDeploymentPostprocessing = 0;
		};
		0054812E1B4EBE8F004159AE /* Frameworks */ = {
			isa = PBXFrameworksBuildPhase;
			buildActionMask = 2147483647;
			files = (
			);
			runOnlyForDeploymentPostprocessing = 0;
		};
/* End PBXFrameworksBuildPhase section */

/* Begin PBXGroup section */
		0054810F1B4EBE8F004159AE = {
			isa = PBXGroup;
			children = (
				007E7ADA1B5F30C0006708DD /* YALContextMenu */,
				0073A7961B500D8E008CD842 /* RETableViewManager */,
				0054811A1B4EBE8F004159AE /* IosMiser */,
				005481341B4EBE8F004159AE /* IosMiserTests */,
				00CEDE691B567AEF00DB4DC7 /* Frameworks */,
				005481191B4EBE8F004159AE /* Products */,
			);
			sourceTree = "<group>";
		};
		005481191B4EBE8F004159AE /* Products */ = {
			isa = PBXGroup;
			children = (
				005481181B4EBE8F004159AE /* IosMiser.app */,
				005481311B4EBE8F004159AE /* IosMiserTests.xctest */,
			);
			name = Products;
			sourceTree = "<group>";
		};
		0054811A1B4EBE8F004159AE /* IosMiser */ = {
			isa = PBXGroup;
			children = (
				00C92ACC1B5DD4DD003FF202 /* util */,
				00CEDE631B566F3900DB4DC7 /* db */,
				00BE525A1B540D6400D6690E /* controller */,
				00BE52571B54028000D6690E /* view */,
				00BE52561B54027300D6690E /* model */,
				0054811F1B4EBE8F004159AE /* AppDelegate.h */,
				005481201B4EBE8F004159AE /* AppDelegate.m */,
				005481281B4EBE8F004159AE /* Images.xcassets */,
				0054812A1B4EBE8F004159AE /* LaunchScreen.xib */,
				0054811B1B4EBE8F004159AE /* Supporting Files */,
			);
			path = IosMiser;
			sourceTree = "<group>";
		};
		0054811B1B4EBE8F004159AE /* Supporting Files */ = {
			isa = PBXGroup;
			children = (
				0054811C1B4EBE8F004159AE /* Info.plist */,
				0054811D1B4EBE8F004159AE /* main.m */,
				007DAC1F1B746D58002B676A /* InfoPlist.strings */,
			);
			name = "Supporting Files";
			sourceTree = "<group>";
		};
		005481341B4EBE8F004159AE /* IosMiserTests */ = {
			isa = PBXGroup;
			children = (
				005481371B4EBE8F004159AE /* IosMiserTests.m */,
				005481351B4EBE8F004159AE /* Supporting Files */,
			);
			path = IosMiserTests;
			sourceTree = "<group>";
		};
		005481351B4EBE8F004159AE /* Supporting Files */ = {
			isa = PBXGroup;
			children = (
				005481361B4EBE8F004159AE /* Info.plist */,
			);
			name = "Supporting Files";
			sourceTree = "<group>";
		};
		0073A7961B500D8E008CD842 /* RETableViewManager */ = {
			isa = PBXGroup;
			children = (
				0073A7E61B50122D008CD842 /* Vendor */,
				0073A7971B500D8E008CD842 /* Cells */,
				0073A7A81B500D8E008CD842 /* Items */,
				0073A7BB1B500D8E008CD842 /* REActionBar.h */,
				0073A7BC1B500D8E008CD842 /* REActionBar.m */,
				0073A7BD1B500D8E008CD842 /* REPlaceholderTextView.h */,
				0073A7BE1B500D8E008CD842 /* REPlaceholderTextView.m */,
				0073A7BF1B500D8E008CD842 /* RETableViewCell.h */,
				0073A7C01B500D8E008CD842 /* RETableViewCell.m */,
				0073A7C11B500D8E008CD842 /* RETableViewCellStyle.h */,
				0073A7C21B500D8E008CD842 /* RETableViewCellStyle.m */,
				0073A7C31B500D8E008CD842 /* RETableViewItem.h */,
				0073A7C41B500D8E008CD842 /* RETableViewItem.m */,
				0073A7C51B500D8E008CD842 /* RETableViewManager.bundle */,
				0073A7C61B500D8E008CD842 /* RETableViewManager.h */,
				0073A7C71B500D8E008CD842 /* RETableViewManager.m */,
				0073A7C81B500D8E008CD842 /* RETableViewOptionsController.h */,
				0073A7C91B500D8E008CD842 /* RETableViewOptionsController.m */,
				0073A7CA1B500D8E008CD842 /* RETableViewSection.h */,
				0073A7CB1B500D8E008CD842 /* RETableViewSection.m */,
			);
			path = RETableViewManager;
			sourceTree = "<group>";
		};
		0073A7971B500D8E008CD842 /* Cells */ = {
			isa = PBXGroup;
			children = (
				0073A7981B500D8E008CD842 /* RETableViewBoolCell.h */,
				0073A7991B500D8E008CD842 /* RETableViewBoolCell.m */,
				0073A79A1B500D8E008CD842 /* RETableViewCreditCardCell.h */,
				0073A79B1B500D8E008CD842 /* RETableViewCreditCardCell.m */,
				0073A79C1B500D8E008CD842 /* RETableViewDateTimeCell.h */,
				0073A79D1B500D8E008CD842 /* RETableViewDateTimeCell.m */,
				0073A79E1B500D8E008CD842 /* RETableViewFloatCell.h */,
				0073A79F1B500D8E008CD842 /* RETableViewFloatCell.m */,
				0073A7A01B500D8E008CD842 /* RETableViewLongTextCell.h */,
				0073A7A11B500D8E008CD842 /* RETableViewLongTextCell.m */,
				0073A7A21B500D8E008CD842 /* RETableViewNumberCell.h */,
				0073A7A31B500D8E008CD842 /* RETableViewNumberCell.m */,
				0073A7A41B500D8E008CD842 /* RETableViewOptionCell.h */,
				0073A7A51B500D8E008CD842 /* RETableViewOptionCell.m */,
				0073A7A61B500D8E008CD842 /* RETableViewTextCell.h */,
				0073A7A71B500D8E008CD842 /* RETableViewTextCell.m */,
			);
			path = Cells;
			sourceTree = "<group>";
		};
		0073A7A81B500D8E008CD842 /* Items */ = {
			isa = PBXGroup;
			children = (
				0073A7A91B500D8E008CD842 /* REBoolItem.h */,
				0073A7AA1B500D8E008CD842 /* REBoolItem.m */,
				0073A7AB1B500D8E008CD842 /* RECreditCardItem.h */,
				0073A7AC1B500D8E008CD842 /* RECreditCardItem.m */,
				0073A7AD1B500D8E008CD842 /* REDateTimeItem.h */,
				0073A7AE1B500D8E008CD842 /* REDateTimeItem.m */,
				0073A7AF1B500D8E008CD842 /* REFloatItem.h */,
				0073A7B01B500D8E008CD842 /* REFloatItem.m */,
				0073A7B11B500D8E008CD842 /* RELongTextItem.h */,
				0073A7B21B500D8E008CD842 /* RELongTextItem.m */,
				0073A7B31B500D8E008CD842 /* REMultipleChoiceItem.h */,
				0073A7B41B500D8E008CD842 /* REMultipleChoiceItem.m */,
				0073A7B51B500D8E008CD842 /* RENumberItem.h */,
				0073A7B61B500D8E008CD842 /* RENumberItem.m */,
				0073A7B71B500D8E008CD842 /* RERadioItem.h */,
				0073A7B81B500D8E008CD842 /* RERadioItem.m */,
				0073A7B91B500D8E008CD842 /* RETextItem.h */,
				0073A7BA1B500D8E008CD842 /* RETextItem.m */,
			);
			path = Items;
			sourceTree = "<group>";
		};
		0073A7E61B50122D008CD842 /* Vendor */ = {
			isa = PBXGroup;
			children = (
				0073A7E71B50122D008CD842 /* REFormattedNumberField */,
				0073A7EA1B50122D008CD842 /* REValidation */,
			);
			path = Vendor;
			sourceTree = "<group>";
		};
		0073A7E71B50122D008CD842 /* REFormattedNumberField */ = {
			isa = PBXGroup;
			children = (
				0073A7E81B50122D008CD842 /* REFormattedNumberField.h */,
				0073A7E91B50122D008CD842 /* REFormattedNumberField.m */,
			);
			path = REFormattedNumberField;
			sourceTree = "<group>";
		};
		0073A7EA1B50122D008CD842 /* REValidation */ = {
			isa = PBXGroup;
			children = (
				0073A7EB1B50122D008CD842 /* NSError+REValidation.h */,
				0073A7EC1B50122D008CD842 /* NSError+REValidation.m */,
				0073A7ED1B50122D008CD842 /* REValidation.h */,
				0073A7EE1B50122D008CD842 /* REValidation.m */,
				0073A7EF1B50122D008CD842 /* REValidator.h */,
				0073A7F01B50122D008CD842 /* REValidator.m */,
				0073A7F11B50122D008CD842 /* Validators */,
			);
			path = REValidation;
			sourceTree = "<group>";
		};
		0073A7F11B50122D008CD842 /* Validators */ = {
			isa = PBXGroup;
			children = (
				0073A7F21B50122D008CD842 /* REEmailValidator.h */,
				0073A7F31B50122D008CD842 /* REEmailValidator.m */,
				0073A7F41B50122D008CD842 /* RELengthValidator.h */,
				0073A7F51B50122D008CD842 /* RELengthValidator.m */,
				0073A7F61B50122D008CD842 /* REPresenceValidator.h */,
				0073A7F71B50122D008CD842 /* REPresenceValidator.m */,
			);
			path = Validators;
			sourceTree = "<group>";
		};
		007E7ADA1B5F30C0006708DD /* YALContextMenu */ = {
			isa = PBXGroup;
			children = (
				007E7ADB1B5F30C0006708DD /* UIView+YALConstraints.h */,
				007E7ADC1B5F30C0006708DD /* UIView+YALConstraints.m */,
				007E7ADD1B5F30C0006708DD /* YALContextMenuCell.h */,
				007E7ADE1B5F30C0006708DD /* YALContextMenuTableView.h */,
				007E7ADF1B5F30C0006708DD /* YALContextMenuTableView.m */,
			);
			path = YALContextMenu;
			sourceTree = "<group>";
		};
		00BE52561B54027300D6690E /* model */ = {
			isa = PBXGroup;
			children = (
				00BE52611B54EA2000D6690E /* ConsumptionModel.h */,
				00BE52621B54EA3300D6690E /* ConsumptionModel.m */,
			);
			name = model;
			sourceTree = "<group>";
		};
		00BE52571B54028000D6690E /* view */ = {
			isa = PBXGroup;
			children = (
				007E7AE51B5F3A96006708DD /* ContextMenuCell.h */,
				007E7AE61B5F3A96006708DD /* ContextMenuCell.m */,
				007E7AE71B5F3A96006708DD /* ContextMenuCell.xib */,
				00BE525E1B54E9E400D6690E /* ConsumptionCell.h */,
				00BE525F1B54E9F200D6690E /* ConsumptionCell.m */,
				00BE52581B54033200D6690E /* ConsumptionCell.xib */,
			);
			name = view;
			sourceTree = "<group>";
		};
		00BE525A1B540D6400D6690E /* controller */ = {
			isa = PBXGroup;
			children = (
				005481221B4EBE8F004159AE /* EditConsumptionController.h */,
				005481231B4EBE8F004159AE /* EditConsumptionController.m */,
				00BE525D1B540FB500D6690E /* MainController.h */,
				00BE525B1B540F8F00D6690E /* MainController.m */,
				007E7AEA1B5F5C64006708DD /* ContextMenuController.h */,
				007E7AEB1B5F5C70006708DD /* ContextMenuController.m */,
			);
			name = controller;
			sourceTree = "<group>";
		};
		00C92ACC1B5DD4DD003FF202 /* util */ = {
			isa = PBXGroup;
			children = (
				007E7AE21B5F3105006708DD /* YALNavigationBar.h */,
				007E7AE31B5F3105006708DD /* YALNavigationBar.m */,
				00C92ACD1B5DD504003FF202 /* UtilDate.h */,
				00C92ACE1B5DD51D003FF202 /* UtilData.m */,
			);
			name = util;
			sourceTree = "<group>";
		};
		00CEDE631B566F3900DB4DC7 /* db */ = {
			isa = PBXGroup;
			children = (
				00CEDE641B566F6E00DB4DC7 /* BaseDB.h */,
				00CEDE651B566F7E00DB4DC7 /* BaseDB.m */,
				00DD3BF01B59301800E0060E /* TConsumption.h */,
				00DD3BF11B59302F00E0060E /* TConsumption.m */,
			);
			name = db;
			sourceTree = "<group>";
		};
		00CEDE691B567AEF00DB4DC7 /* Frameworks */ = {
			isa = PBXGroup;
			children = (
				00CEDE671B567AB900DB4DC7 /* libsqlite3.0.dylib */,
			);
			name = Frameworks;
			sourceTree = "<group>";
		};
/* End PBXGroup section */

/* Begin PBXNativeTarget section */
		005481171B4EBE8F004159AE /* IosMiser */ = {
			isa = PBXNativeTarget;
			buildConfigurationList = 0054813B1B4EBE8F004159AE /* Build configuration list for PBXNativeTarget "IosMiser" */;
			buildPhases = (
				005481141B4EBE8F004159AE /* Sources */,
				005481151B4EBE8F004159AE /* Frameworks */,
				005481161B4EBE8F004159AE /* Resources */,
			);
			buildRules = (
			);
			dependencies = (
			);
			name = IosMiser;
			productName = IosMiser;
			productReference = 005481181B4EBE8F004159AE /* IosMiser.app */;
			productType = "com.apple.product-type.application";
		};
		005481301B4EBE8F004159AE /* IosMiserTests */ = {
			isa = PBXNativeTarget;
			buildConfigurationList = 0054813E1B4EBE8F004159AE /* Build configuration list for PBXNativeTarget "IosMiserTests" */;
			buildPhases = (
				0054812D1B4EBE8F004159AE /* Sources */,
				0054812E1B4EBE8F004159AE /* Frameworks */,
				0054812F1B4EBE8F004159AE /* Resources */,
			);
			buildRules = (
			);
			dependencies = (
				005481331B4EBE8F004159AE /* PBXTargetDependency */,
			);
			name = IosMiserTests;
			productName = IosMiserTests;
			productReference = 005481311B4EBE8F004159AE /* IosMiserTests.xctest */;
			productType = "com.apple.product-type.bundle.unit-test";
		};
/* End PBXNativeTarget section */

/* Begin PBXProject section */
		005481101B4EBE8F004159AE /* Project object */ = {
			isa = PBXProject;
			attributes = {
				LastUpgradeCheck = 0640;
				ORGANIZATIONNAME = "李峰艳";
				TargetAttributes = {
					005481171B4EBE8F004159AE = {
						CreatedOnToolsVersion = 6.4;
						DevelopmentTeam = 4WQ93GM92N;
					};
					005481301B4EBE8F004159AE = {
						CreatedOnToolsVersion = 6.4;
						TestTargetID = 005481171B4EBE8F004159AE;
					};
				};
			};
			buildConfigurationList = 005481131B4EBE8F004159AE /* Build configuration list for PBXProject "IosMiser" */;
			compatibilityVersion = "Xcode 3.2";
			developmentRegion = English;
			hasScannedForEncodings = 0;
			knownRegions = (
				en,
				Base,
			);
			mainGroup = 0054810F1B4EBE8F004159AE;
			productRefGroup = 005481191B4EBE8F004159AE /* Products */;
			projectDirPath = "";
			projectRoot = "";
			targets = (
				005481171B4EBE8F004159AE /* IosMiser */,
				005481301B4EBE8F004159AE /* IosMiserTests */,
			);
		};
/* End PBXProject section */

/* Begin PBXResourcesBuildPhase section */
		005481161B4EBE8F004159AE /* Resources */ = {
			isa = PBXResourcesBuildPhase;
			buildActionMask = 2147483647;
			files = (
				0054812C1B4EBE8F004159AE /* LaunchScreen.xib in Resources */,
				007DAC1D1B746D58002B676A /* InfoPlist.strings in Resources */,
				007E7AE91B5F3A96006708DD /* ContextMenuCell.xib in Resources */,
				00BE52591B54033200D6690E /* ConsumptionCell.xib in Resources */,
				0073A7E21B500D8E008CD842 /* RETableViewManager.bundle in Resources */,
				005481291B4EBE8F004159AE /* Images.xcassets in Resources */,
			);
			runOnlyForDeploymentPostprocessing = 0;
		};
		0054812F1B4EBE8F004159AE /* Resources */ = {
			isa = PBXResourcesBuildPhase;
			buildActionMask = 2147483647;
			files = (
			);
			runOnlyForDeploymentPostprocessing = 0;
		};
/* End PBXResourcesBuildPhase section */

/* Begin PBXSourcesBuildPhase section */
		005481141B4EBE8F004159AE /* Sources */ = {
			isa = PBXSourcesBuildPhase;
			buildActionMask = 2147483647;
			files = (
				0073A7CF1B500D8E008CD842 /* RETableViewFloatCell.m in Sources */,
				0073A7D31B500D8E008CD842 /* RETableViewTextCell.m in Sources */,
				0073A7FA1B50122D008CD842 /* REValidation.m in Sources */,
				0073A7D21B500D8E008CD842 /* RETableViewOptionCell.m in Sources */,
				00DD3BF21B59302F00E0060E /* TConsumption.m in Sources */,
				005481241B4EBE8F004159AE /* EditConsumptionController.m in Sources */,
				0073A7FE1B50122D008CD842 /* REPresenceValidator.m in Sources */,
				0073A7FB1B50122D008CD842 /* REValidator.m in Sources */,
				00C92ACF1B5DD51D003FF202 /* UtilData.m in Sources */,
				0073A7E41B500D8E008CD842 /* RETableViewOptionsController.m in Sources */,
				0073A7E11B500D8E008CD842 /* RETableViewItem.m in Sources */,
				0073A7D51B500D8E008CD842 /* RECreditCardItem.m in Sources */,
				0073A7F91B50122D008CD842 /* NSError+REValidation.m in Sources */,
				0073A7DF1B500D8E008CD842 /* RETableViewCell.m in Sources */,
				00BE52631B54EA3300D6690E /* ConsumptionModel.m in Sources */,
				007E7AE11B5F30C0006708DD /* YALContextMenuTableView.m in Sources */,
				007E7AEC1B5F5C70006708DD /* ContextMenuController.m in Sources */,
				0073A7FD1B50122D008CD842 /* RELengthValidator.m in Sources */,
				0073A7CE1B500D8E008CD842 /* RETableViewDateTimeCell.m in Sources */,
				0073A7D81B500D8E008CD842 /* RELongTextItem.m in Sources */,
				0073A7D11B500D8E008CD842 /* RETableViewNumberCell.m in Sources */,
				0073A7DD1B500D8E008CD842 /* REActionBar.m in Sources */,
				0073A7D91B500D8E008CD842 /* REMultipleChoiceItem.m in Sources */,
				0073A7D01B500D8E008CD842 /* RETableViewLongTextCell.m in Sources */,
				0073A7D71B500D8E008CD842 /* REFloatItem.m in Sources */,
				007E7AE41B5F3105006708DD /* YALNavigationBar.m in Sources */,
				0073A7CD1B500D8E008CD842 /* RETableViewCreditCardCell.m in Sources */,
				0073A7DB1B500D8E008CD842 /* RERadioItem.m in Sources */,
				00BE52601B54E9F200D6690E /* ConsumptionCell.m in Sources */,
				007E7AE81B5F3A96006708DD /* ContextMenuCell.m in Sources */,
				0073A7E31B500D8E008CD842 /* RETableViewManager.m in Sources */,
				0073A7E51B500D8E008CD842 /* RETableViewSection.m in Sources */,
				0073A7FC1B50122D008CD842 /* REEmailValidator.m in Sources */,
				0073A7DE1B500D8E008CD842 /* REPlaceholderTextView.m in Sources */,
				00CEDE661B566F7E00DB4DC7 /* BaseDB.m in Sources */,
				005481211B4EBE8F004159AE /* AppDelegate.m in Sources */,
				007E7AE01B5F30C0006708DD /* UIView+YALConstraints.m in Sources */,
				0073A7DC1B500D8E008CD842 /* RETextItem.m in Sources */,
				00BE525C1B540F8F00D6690E /* MainController.m in Sources */,
				0073A7D41B500D8E008CD842 /* REBoolItem.m in Sources */,
				0073A7CC1B500D8E008CD842 /* RETableViewBoolCell.m in Sources */,
				0073A7E01B500D8E008CD842 /* RETableViewCellStyle.m in Sources */,
				0073A7F81B50122D008CD842 /* REFormattedNumberField.m in Sources */,
				0073A7D61B500D8E008CD842 /* REDateTimeItem.m in Sources */,
				0073A7DA1B500D8E008CD842 /* RENumberItem.m in Sources */,
				0054811E1B4EBE8F004159AE /* main.m in Sources */,
			);
			runOnlyForDeploymentPostprocessing = 0;
		};
		0054812D1B4EBE8F004159AE /* Sources */ = {
			isa = PBXSourcesBuildPhase;
			buildActionMask = 2147483647;
			files = (
				005481381B4EBE8F004159AE /* IosMiserTests.m in Sources */,
			);
			runOnlyForDeploymentPostprocessing = 0;
		};
/* End PBXSourcesBuildPhase section */

/* Begin PBXTargetDependency section */
		005481331B4EBE8F004159AE /* PBXTargetDependency */ = {
			isa = PBXTargetDependency;
			target = 005481171B4EBE8F004159AE /* IosMiser */;
			targetProxy = 005481321B4EBE8F004159AE /* PBXContainerItemProxy */;
		};
/* End PBXTargetDependency section */

/* Begin PBXVariantGroup section */
		0054812A1B4EBE8F004159AE /* LaunchScreen.xib */ = {
			isa = PBXVariantGroup;
			children = (
				0054812B1B4EBE8F004159AE /* Base */,
				007DAC1A1B746D09002B676A /* zh-Hans */,
			);
			name = LaunchScreen.xib;
			sourceTree = "<group>";
		};
		007DAC1F1B746D58002B676A /* InfoPlist.strings */ = {
			isa = PBXVariantGroup;
			children = (
				007DAC1E1B746D58002B676A /* zh-Hans */,
				007DAC201B746D5C002B676A /* en */,
			);
			name = InfoPlist.strings;
			sourceTree = "<group>";
		};
/* End PBXVariantGroup section */

/* Begin XCBuildConfiguration section */
		005481391B4EBE8F004159AE /* Debug */ = {
			isa = XCBuildConfiguration;
			buildSettings = {
				ALWAYS_SEARCH_USER_PATHS = NO;
				CLANG_CXX_LANGUAGE_STANDARD = "gnu++0x";
				CLANG_CXX_LIBRARY = "libc++";
				CLANG_ENABLE_MODULES = YES;
				CLANG_ENABLE_OBJC_ARC = YES;
				CLANG_WARN_BOOL_CONVERSION = YES;
				CLANG_WARN_CONSTANT_CONVERSION = YES;
				CLANG_WARN_DIRECT_OBJC_ISA_USAGE = YES_ERROR;
				CLANG_WARN_EMPTY_BODY = YES;
				CLANG_WARN_ENUM_CONVERSION = YES;
				CLANG_WARN_INT_CONVERSION = YES;
				CLANG_WARN_OBJC_ROOT_CLASS = YES_ERROR;
				CLANG_WARN_UNREACHABLE_CODE = YES;
				CLANG_WARN__DUPLICATE_METHOD_MATCH = YES;
				"CODE_SIGN_IDENTITY[sdk=iphoneos*]" = "iPhone Developer";
				COPY_PHASE_STRIP = NO;
				DEBUG_INFORMATION_FORMAT = "dwarf-with-dsym";
				ENABLE_STRICT_OBJC_MSGSEND = YES;
				GCC_C_LANGUAGE_STANDARD = gnu99;
				GCC_DYNAMIC_NO_PIC = NO;
				GCC_NO_COMMON_BLOCKS = YES;
				GCC_OPTIMIZATION_LEVEL = 0;
				GCC_PREPROCESSOR_DEFINITIONS = (
					"DEBUG=1",
					"$(inherited)",
				);
				GCC_SYMBOLS_PRIVATE_EXTERN = NO;
				GCC_WARN_64_TO_32_BIT_CONVERSION = YES;
				GCC_WARN_ABOUT_RETURN_TYPE = YES_ERROR;
				GCC_WARN_UNDECLARED_SELECTOR = YES;
				GCC_WARN_UNINITIALIZED_AUTOS = YES_AGGRESSIVE;
				GCC_WARN_UNUSED_FUNCTION = YES;
				GCC_WARN_UNUSED_VARIABLE = YES;
				IPHONEOS_DEPLOYMENT_TARGET = 8.2;
				MTL_ENABLE_DEBUG_INFO = YES;
				ONLY_ACTIVE_ARCH = YES;
				SDKROOT = iphoneos;
			};
			name = Debug;
		};
		0054813A1B4EBE8F004159AE /* Release */ = {
			isa = XCBuildConfiguration;
			buildSettings = {
				ALWAYS_SEARCH_USER_PATHS = NO;
				CLANG_CXX_LANGUAGE_STANDARD = "gnu++0x";
				CLANG_CXX_LIBRARY = "libc++";
				CLANG_ENABLE_MODULES = YES;
				CLANG_ENABLE_OBJC_ARC = YES;
				CLANG_WARN_BOOL_CONVERSION = YES;
				CLANG_WARN_CONSTANT_CONVERSION = YES;
				CLANG_WARN_DIRECT_OBJC_ISA_USAGE = YES_ERROR;
				CLANG_WARN_EMPTY_BODY = YES;
				CLANG_WARN_ENUM_CONVERSION = YES;
				CLANG_WARN_INT_CONVERSION = YES;
				CLANG_WARN_OBJC_ROOT_CLASS = YES_ERROR;
				CLANG_WARN_UNREACHABLE_CODE = YES;
				CLANG_WARN__DUPLICATE_METHOD_MATCH = YES;
				"CODE_SIGN_IDENTITY[sdk=iphoneos*]" = "iPhone Developer";
				COPY_PHASE_STRIP = NO;
				DEBUG_INFORMATION_FORMAT = "dwarf-with-dsym";
				ENABLE_NS_ASSERTIONS = NO;
				ENABLE_STRICT_OBJC_MSGSEND = YES;
				GCC_C_LANGUAGE_STANDARD = gnu99;
				GCC_NO_COMMON_BLOCKS = YES;
				GCC_WARN_64_TO_32_BIT_CONVERSION = YES;
				GCC_WARN_ABOUT_RETURN_TYPE = YES_ERROR;
				GCC_WARN_UNDECLARED_SELECTOR = YES;
				GCC_WARN_UNINITIALIZED_AUTOS = YES_AGGRESSIVE;
				GCC_WARN_UNUSED_FUNCTION = YES;
				GCC_WARN_UNUSED_VARIABLE = YES;
				IPHONEOS_DEPLOYMENT_TARGET = 8.2;
				MTL_ENABLE_DEBUG_INFO = NO;
				SDKROOT = iphoneos;
				VALIDATE_PRODUCT = YES;
			};
			name = Release;
		};
		0054813C1B4EBE8F004159AE /* Debug */ = {
			isa = XCBuildConfiguration;
			buildSettings = {
				ASSETCATALOG_COMPILER_APPICON_NAME = AppIcon;
				ASSETCATALOG_COMPILER_LAUNCHIMAGE_NAME = LaunchImage;
				CODE_SIGN_IDENTITY = "iPhone Developer";
				INFOPLIST_FILE = IosMiser/Info.plist;
				IPHONEOS_DEPLOYMENT_TARGET = 8.2;
				LD_RUNPATH_SEARCH_PATHS = "$(inherited) @executable_path/Frameworks";
				PRODUCT_NAME = "$(TARGET_NAME)";
				TARGETED_DEVICE_FAMILY = "1,2";
			};
			name = Debug;
		};
		0054813D1B4EBE8F004159AE /* Release */ = {
			isa = XCBuildConfiguration;
			buildSettings = {
				ASSETCATALOG_COMPILER_APPICON_NAME = AppIcon;
				ASSETCATALOG_COMPILER_LAUNCHIMAGE_NAME = LaunchImage;
				CODE_SIGN_IDENTITY = "iPhone Developer";
				INFOPLIST_FILE = IosMiser/Info.plist;
				IPHONEOS_DEPLOYMENT_TARGET = 8.2;
				LD_RUNPATH_SEARCH_PATHS = "$(inherited) @executable_path/Frameworks";
				PRODUCT_NAME = "$(TARGET_NAME)";
				TARGETED_DEVICE_FAMILY = "1,2";
			};
			name = Release;
		};
		0054813F1B4EBE8F004159AE /* Debug */ = {
			isa = XCBuildConfiguration;
			buildSettings = {
				BUNDLE_LOADER = "$(TEST_HOST)";
				FRAMEWORK_SEARCH_PATHS = (
					"$(SDKROOT)/Developer/Library/Frameworks",
					"$(inherited)",
				);
				GCC_PREPROCESSOR_DEFINITIONS = (
					"DEBUG=1",
					"$(inherited)",
				);
				INFOPLIST_FILE = IosMiserTests/Info.plist;
				LD_RUNPATH_SEARCH_PATHS = "$(inherited) @executable_path/Frameworks @loader_path/Frameworks";
				PRODUCT_NAME = "$(TARGET_NAME)";
				TEST_HOST = "$(BUILT_PRODUCTS_DIR)/IosMiser.app/IosMiser";
			};
			name = Debug;
		};
		005481401B4EBE8F004159AE /* Release */ = {
			isa = XCBuildConfiguration;
			buildSettings = {
				BUNDLE_LOADER = "$(TEST_HOST)";
				FRAMEWORK_SEARCH_PATHS = (
					"$(SDKROOT)/Developer/Library/Frameworks",
					"$(inherited)",
				);
				INFOPLIST_FILE = IosMiserTests/Info.plist;
				LD_RUNPATH_SEARCH_PATHS = "$(inherited) @executable_path/Frameworks @loader_path/Frameworks";
				PRODUCT_NAME = "$(TARGET_NAME)";
				TEST_HOST = "$(BUILT_PRODUCTS_DIR)/IosMiser.app/IosMiser";
			};
			name = Release;
		};
/* End XCBuildConfiguration section */

/* Begin XCConfigurationList section */
		005481131B4EBE8F004159AE /* Build configuration list for PBXProject "IosMiser" */ = {
			isa = XCConfigurationList;
			buildConfigurations = (
				005481391B4EBE8F004159AE /* Debug */,
				0054813A1B4EBE8F004159AE /* Release */,
			);
			defaultConfigurationIsVisible = 0;
			defaultConfigurationName = Release;
		};
		0054813B1B4EBE8F004159AE /* Build configuration list for PBXNativeTarget "IosMiser" */ = {
			isa = XCConfigurationList;
			buildConfigurations = (
				0054813C1B4EBE8F004159AE /* Debug */,
				0054813D1B4EBE8F004159AE /* Release */,
			);
			defaultConfigurationIsVisible = 0;
			defaultConfigurationName = Release;
		};
		0054813E1B4EBE8F004159AE /* Build configuration list for PBXNativeTarget "IosMiserTests" */ = {
			isa = XCConfigurationList;
			buildConfigurations = (
				0054813F1B4EBE8F004159AE /* Debug */,
				005481401B4EBE8F004159AE /* Release */,
			);
			defaultConfigurationIsVisible = 0;
			defaultConfigurationName = Release;
		};
/* End XCConfigurationList section */
	};
	rootObject = 005481101B4EBE8F004159AE /* Project object */;
}
